
Microsoft Visual Studio Solution File, Format Version 12.00
# Visual Studio 14
VisualStudioVersion = 14.0.25420.1
MinimumVisualStudioVersion = 10.0.40219.1
Project("{2150E333-8FDC-42A3-9474-1A3956D46DE8}") = "DataStructures.Dependencies", "DataStructures.Dependencies", "{B2A3848C-3D95-4B7D-8247-227C7F9A2308}"
EndProject
Project("{FAE04EC0-301F-11D3-BF4B-00C04F79EFBC}") = "Algorithms.Problem.BinarySearchTree", "Trees\Algorithms.Problem.BinarySearchTree.csproj", "{4E1F8D95-0BD5-4CA2-A116-56005544A96B}"
EndProject
Project("{FAE04EC0-301F-11D3-BF4B-00C04F79EFBC}") = "Algorithms.Problem.BinaryTree", "BinaryTree\Algorithms.Problem.BinaryTree.csproj", "{4A8C3BE7-A268-451A-9B8F-234ED3789866}"
EndProject
Project("{FAE04EC0-301F-11D3-BF4B-00C04F79EFBC}") = "Algorithms.Problem.Arrays", "Arrays\Algorithms.Problem.Arrays.csproj", "{AC223693-B652-483D-A17B-A7A3C2E7BBA6}"
EndProject
Project("{FAE04EC0-301F-11D3-BF4B-00C04F79EFBC}") = "Algorithms.Problem.Strings", "Strings\Algorithms.Problem.Strings.csproj", "{EF581F2B-BBBC-48E2-A6A6-A0E6077A3812}"
EndProject
Project("{FAE04EC0-301F-11D3-BF4B-00C04F79EFBC}") = "DataStructures.Libraries.Trees", "..\DataStructures\Trees\DataStructures.Libraries.Trees.csproj", "{845E0CA8-AC51-4BAE-95D7-60680CB4A44B}"
EndProject
Project("{FAE04EC0-301F-11D3-BF4B-00C04F79EFBC}") = "Algorithms.Problem.Stacks", "Stacks\Algorithms.Problem.Stacks.csproj", "{BA9B0DFD-92C0-4571-A021-ED24D430212B}"
EndProject
Project("{FAE04EC0-301F-11D3-BF4B-00C04F79EFBC}") = "Alogrithms.Problem.DynamicProgramming", "DynamicProgramming\Alogrithms.Problem.DynamicProgramming.csproj", "{8B3944E0-3499-4543-B381-A2E99C3D5D8D}"
EndProject
Project("{FAE04EC0-301F-11D3-BF4B-00C04F79EFBC}") = "Algorithms.Problems.LeetCode", "LeetCode\Algorithms.Problems.LeetCode.csproj", "{C66BCA6A-F2B5-467B-89E9-61C228639298}"
EndProject
Project("{FAE04EC0-301F-11D3-BF4B-00C04F79EFBC}") = "Algorithms.Problem.InterviewCake", "InterviewCake\Algorithms.Problem.InterviewCake.csproj", "{9618162B-F6BE-4E79-A256-8B2D34AE7F46}"
EndProject
Project("{FAE04EC0-301F-11D3-BF4B-00C04F79EFBC}") = "DataStructures.Libraries.Graph", "..\DataStructures\Graph\DataStructures.Libraries.Graph.csproj", "{6EB3565B-2658-42A7-80CB-223B6E42013A}"
EndProject
Global
	GlobalSection(SolutionConfigurationPlatforms) = preSolution
		Debug|Any CPU = Debug|Any CPU
		Debug|ARM = Debug|ARM
		Debug|x64 = Debug|x64
		Debug|x86 = Debug|x86
		Release|Any CPU = Release|Any CPU
		Release|ARM = Release|ARM
		Release|x64 = Release|x64
		Release|x86 = Release|x86
	EndGlobalSection
	GlobalSection(ProjectConfigurationPlatforms) = postSolution
		{4E1F8D95-0BD5-4CA2-A116-56005544A96B}.Debug|Any CPU.ActiveCfg = Debug|Any CPU
		{4E1F8D95-0BD5-4CA2-A116-56005544A96B}.Debug|Any CPU.Build.0 = Debug|Any CPU
		{4E1F8D95-0BD5-4CA2-A116-56005544A96B}.Debug|ARM.ActiveCfg = Debug|Any CPU
		{4E1F8D95-0BD5-4CA2-A116-56005544A96B}.Debug|ARM.Build.0 = Debug|Any CPU
		{4E1F8D95-0BD5-4CA2-A116-56005544A96B}.Debug|x64.ActiveCfg = Debug|Any CPU
		{4E1F8D95-0BD5-4CA2-A116-56005544A96B}.Debug|x64.Build.0 = Debug|Any CPU
		{4E1F8D95-0BD5-4CA2-A116-56005544A96B}.Debug|x86.ActiveCfg = Debug|Any CPU
		{4E1F8D95-0BD5-4CA2-A116-56005544A96B}.Debug|x86.Build.0 = Debug|Any CPU
		{4E1F8D95-0BD5-4CA2-A116-56005544A96B}.Release|Any CPU.ActiveCfg = Release|Any CPU
		{4E1F8D95-0BD5-4CA2-A116-56005544A96B}.Release|Any CPU.Build.0 = Release|Any CPU
		{4E1F8D95-0BD5-4CA2-A116-56005544A96B}.Release|ARM.ActiveCfg = Release|Any CPU
		{4E1F8D95-0BD5-4CA2-A116-56005544A96B}.Release|ARM.Build.0 = Release|Any CPU
		{4E1F8D95-0BD5-4CA2-A116-56005544A96B}.Release|x64.ActiveCfg = Release|Any CPU
		{4E1F8D95-0BD5-4CA2-A116-56005544A96B}.Release|x64.Build.0 = Release|Any CPU
		{4E1F8D95-0BD5-4CA2-A116-56005544A96B}.Release|x86.ActiveCfg = Release|Any CPU
		{4E1F8D95-0BD5-4CA2-A116-56005544A96B}.Release|x86.Build.0 = Release|Any CPU
		{4A8C3BE7-A268-451A-9B8F-234ED3789866}.Debug|Any CPU.ActiveCfg = Debug|Any CPU
		{4A8C3BE7-A268-451A-9B8F-234ED3789866}.Debug|Any CPU.Build.0 = Debug|Any CPU
		{4A8C3BE7-A268-451A-9B8F-234ED3789866}.Debug|ARM.ActiveCfg = Debug|Any CPU
		{4A8C3BE7-A268-451A-9B8F-234ED3789866}.Debug|ARM.Build.0 = Debug|Any CPU
		{4A8C3BE7-A268-451A-9B8F-234ED3789866}.Debug|x64.ActiveCfg = Debug|Any CPU
		{4A8C3BE7-A268-451A-9B8F-234ED3789866}.Debug|x64.Build.0 = Debug|Any CPU
		{4A8C3BE7-A268-451A-9B8F-234ED3789866}.Debug|x86.ActiveCfg = Debug|Any CPU
		{4A8C3BE7-A268-451A-9B8F-234ED3789866}.Debug|x86.Build.0 = Debug|Any CPU
		{4A8C3BE7-A268-451A-9B8F-234ED3789866}.Release|Any CPU.ActiveCfg = Release|Any CPU
		{4A8C3BE7-A268-451A-9B8F-234ED3789866}.Release|Any CPU.Build.0 = Release|Any CPU
		{4A8C3BE7-A268-451A-9B8F-234ED3789866}.Release|ARM.ActiveCfg = Release|Any CPU
		{4A8C3BE7-A268-451A-9B8F-234ED3789866}.Release|ARM.Build.0 = Release|Any CPU
		{4A8C3BE7-A268-451A-9B8F-234ED3789866}.Release|x64.ActiveCfg = Release|Any CPU
		{4A8C3BE7-A268-451A-9B8F-234ED3789866}.Release|x64.Build.0 = Release|Any CPU
		{4A8C3BE7-A268-451A-9B8F-234ED3789866}.Release|x86.ActiveCfg = Release|Any CPU
		{4A8C3BE7-A268-451A-9B8F-234ED3789866}.Release|x86.Build.0 = Release|Any CPU
		{AC223693-B652-483D-A17B-A7A3C2E7BBA6}.Debug|Any CPU.ActiveCfg = Debug|Any CPU
		{AC223693-B652-483D-A17B-A7A3C2E7BBA6}.Debug|Any CPU.Build.0 = Debug|Any CPU
		{AC223693-B652-483D-A17B-A7A3C2E7BBA6}.Debug|ARM.ActiveCfg = Debug|Any CPU
		{AC223693-B652-483D-A17B-A7A3C2E7BBA6}.Debug|ARM.Build.0 = Debug|Any CPU
		{AC223693-B652-483D-A17B-A7A3C2E7BBA6}.Debug|x64.ActiveCfg = Debug|Any CPU
		{AC223693-B652-483D-A17B-A7A3C2E7BBA6}.Debug|x64.Build.0 = Debug|Any CPU
		{AC223693-B652-483D-A17B-A7A3C2E7BBA6}.Debug|x86.ActiveCfg = Debug|Any CPU
		{AC223693-B652-483D-A17B-A7A3C2E7BBA6}.Debug|x86.Build.0 = Debug|Any CPU
		{AC223693-B652-483D-A17B-A7A3C2E7BBA6}.Release|Any CPU.ActiveCfg = Release|Any CPU
		{AC223693-B652-483D-A17B-A7A3C2E7BBA6}.Release|Any CPU.Build.0 = Release|Any CPU
		{AC223693-B652-483D-A17B-A7A3C2E7BBA6}.Release|ARM.ActiveCfg = Release|Any CPU
		{AC223693-B652-483D-A17B-A7A3C2E7BBA6}.Release|ARM.Build.0 = Release|Any CPU
		{AC223693-B652-483D-A17B-A7A3C2E7BBA6}.Release|x64.ActiveCfg = Release|Any CPU
		{AC223693-B652-483D-A17B-A7A3C2E7BBA6}.Release|x64.Build.0 = Release|Any CPU
		{AC223693-B652-483D-A17B-A7A3C2E7BBA6}.Release|x86.ActiveCfg = Release|Any CPU
		{AC223693-B652-483D-A17B-A7A3C2E7BBA6}.Release|x86.Build.0 = Release|Any CPU
		{EF581F2B-BBBC-48E2-A6A6-A0E6077A3812}.Debug|Any CPU.ActiveCfg = Debug|Any CPU
		{EF581F2B-BBBC-48E2-A6A6-A0E6077A3812}.Debug|Any CPU.Build.0 = Debug|Any CPU
		{EF581F2B-BBBC-48E2-A6A6-A0E6077A3812}.Debug|ARM.ActiveCfg = Debug|Any CPU
		{EF581F2B-BBBC-48E2-A6A6-A0E6077A3812}.Debug|ARM.Build.0 = Debug|Any CPU
		{EF581F2B-BBBC-48E2-A6A6-A0E6077A3812}.Debug|x64.ActiveCfg = Debug|Any CPU
		{EF581F2B-BBBC-48E2-A6A6-A0E6077A3812}.Debug|x64.Build.0 = Debug|Any CPU
		{EF581F2B-BBBC-48E2-A6A6-A0E6077A3812}.Debug|x86.ActiveCfg = Debug|Any CPU
		{EF581F2B-BBBC-48E2-A6A6-A0E6077A3812}.Debug|x86.Build.0 = Debug|Any CPU
		{EF581F2B-BBBC-48E2-A6A6-A0E6077A3812}.Release|Any CPU.ActiveCfg = Release|Any CPU
		{EF581F2B-BBBC-48E2-A6A6-A0E6077A3812}.Release|Any CPU.Build.0 = Release|Any CPU
		{EF581F2B-BBBC-48E2-A6A6-A0E6077A3812}.Release|ARM.ActiveCfg = Release|Any CPU
		{EF581F2B-BBBC-48E2-A6A6-A0E6077A3812}.Release|ARM.Build.0 = Release|Any CPU
		{EF581F2B-BBBC-48E2-A6A6-A0E6077A3812}.Release|x64.ActiveCfg = Release|Any CPU
		{EF581F2B-BBBC-48E2-A6A6-A0E6077A3812}.Release|x64.Build.0 = Release|Any CPU
		{EF581F2B-BBBC-48E2-A6A6-A0E6077A3812}.Release|x86.ActiveCfg = Release|Any CPU
		{EF581F2B-BBBC-48E2-A6A6-A0E6077A3812}.Release|x86.Build.0 = Release|Any CPU
		{845E0CA8-AC51-4BAE-95D7-60680CB4A44B}.Debug|Any CPU.ActiveCfg = Debug|Any CPU
		{845E0CA8-AC51-4BAE-95D7-60680CB4A44B}.Debug|Any CPU.Build.0 = Debug|Any CPU
		{845E0CA8-AC51-4BAE-95D7-60680CB4A44B}.Debug|ARM.ActiveCfg = Debug|Any CPU
		{845E0CA8-AC51-4BAE-95D7-60680CB4A44B}.Debug|ARM.Build.0 = Debug|Any CPU
		{845E0CA8-AC51-4BAE-95D7-60680CB4A44B}.Debug|x64.ActiveCfg = Debug|Any CPU
		{845E0CA8-AC51-4BAE-95D7-60680CB4A44B}.Debug|x64.Build.0 = Debug|Any CPU
		{845E0CA8-AC51-4BAE-95D7-60680CB4A44B}.Debug|x86.ActiveCfg = Debug|Any CPU
		{845E0CA8-AC51-4BAE-95D7-60680CB4A44B}.Debug|x86.Build.0 = Debug|Any CPU
		{845E0CA8-AC51-4BAE-95D7-60680CB4A44B}.Release|Any CPU.ActiveCfg = Release|Any CPU
		{845E0CA8-AC51-4BAE-95D7-60680CB4A44B}.Release|Any CPU.Build.0 = Release|Any CPU
		{845E0CA8-AC51-4BAE-95D7-60680CB4A44B}.Release|ARM.ActiveCfg = Release|Any CPU
		{845E0CA8-AC51-4BAE-95D7-60680CB4A44B}.Release|ARM.Build.0 = Release|Any CPU
		{845E0CA8-AC51-4BAE-95D7-60680CB4A44B}.Release|x64.ActiveCfg = Release|Any CPU
		{845E0CA8-AC51-4BAE-95D7-60680CB4A44B}.Release|x64.Build.0 = Release|Any CPU
		{845E0CA8-AC51-4BAE-95D7-60680CB4A44B}.Release|x86.ActiveCfg = Release|Any CPU
		{845E0CA8-AC51-4BAE-95D7-60680CB4A44B}.Release|x86.Build.0 = Release|Any CPU
		{BA9B0DFD-92C0-4571-A021-ED24D430212B}.Debug|Any CPU.ActiveCfg = Debug|Any CPU
		{BA9B0DFD-92C0-4571-A021-ED24D430212B}.Debug|Any CPU.Build.0 = Debug|Any CPU
		{BA9B0DFD-92C0-4571-A021-ED24D430212B}.Debug|ARM.ActiveCfg = Debug|Any CPU
		{BA9B0DFD-92C0-4571-A021-ED24D430212B}.Debug|ARM.Build.0 = Debug|Any CPU
		{BA9B0DFD-92C0-4571-A021-ED24D430212B}.Debug|x64.ActiveCfg = Debug|Any CPU
		{BA9B0DFD-92C0-4571-A021-ED24D430212B}.Debug|x64.Build.0 = Debug|Any CPU
		{BA9B0DFD-92C0-4571-A021-ED24D430212B}.Debug|x86.ActiveCfg = Debug|Any CPU
		{BA9B0DFD-92C0-4571-A021-ED24D430212B}.Debug|x86.Build.0 = Debug|Any CPU
		{BA9B0DFD-92C0-4571-A021-ED24D430212B}.Release|Any CPU.ActiveCfg = Release|Any CPU
		{BA9B0DFD-92C0-4571-A021-ED24D430212B}.Release|Any CPU.Build.0 = Release|Any CPU
		{BA9B0DFD-92C0-4571-A021-ED24D430212B}.Release|ARM.ActiveCfg = Release|Any CPU
		{BA9B0DFD-92C0-4571-A021-ED24D430212B}.Release|ARM.Build.0 = Release|Any CPU
		{BA9B0DFD-92C0-4571-A021-ED24D430212B}.Release|x64.ActiveCfg = Release|Any CPU
		{BA9B0DFD-92C0-4571-A021-ED24D430212B}.Release|x64.Build.0 = Release|Any CPU
		{BA9B0DFD-92C0-4571-A021-ED24D430212B}.Release|x86.ActiveCfg = Release|Any CPU
		{BA9B0DFD-92C0-4571-A021-ED24D430212B}.Release|x86.Build.0 = Release|Any CPU
		{8B3944E0-3499-4543-B381-A2E99C3D5D8D}.Debug|Any CPU.ActiveCfg = Debug|Any CPU
		{8B3944E0-3499-4543-B381-A2E99C3D5D8D}.Debug|Any CPU.Build.0 = Debug|Any CPU
		{8B3944E0-3499-4543-B381-A2E99C3D5D8D}.Debug|ARM.ActiveCfg = Debug|Any CPU
		{8B3944E0-3499-4543-B381-A2E99C3D5D8D}.Debug|ARM.Build.0 = Debug|Any CPU
		{8B3944E0-3499-4543-B381-A2E99C3D5D8D}.Debug|x64.ActiveCfg = Debug|Any CPU
		{8B3944E0-3499-4543-B381-A2E99C3D5D8D}.Debug|x64.Build.0 = Debug|Any CPU
		{8B3944E0-3499-4543-B381-A2E99C3D5D8D}.Debug|x86.ActiveCfg = Debug|Any CPU
		{8B3944E0-3499-4543-B381-A2E99C3D5D8D}.Debug|x86.Build.0 = Debug|Any CPU
		{8B3944E0-3499-4543-B381-A2E99C3D5D8D}.Release|Any CPU.ActiveCfg = Release|Any CPU
		{8B3944E0-3499-4543-B381-A2E99C3D5D8D}.Release|Any CPU.Build.0 = Release|Any CPU
		{8B3944E0-3499-4543-B381-A2E99C3D5D8D}.Release|ARM.ActiveCfg = Release|Any CPU
		{8B3944E0-3499-4543-B381-A2E99C3D5D8D}.Release|ARM.Build.0 = Release|Any CPU
		{8B3944E0-3499-4543-B381-A2E99C3D5D8D}.Release|x64.ActiveCfg = Release|Any CPU
		{8B3944E0-3499-4543-B381-A2E99C3D5D8D}.Release|x64.Build.0 = Release|Any CPU
		{8B3944E0-3499-4543-B381-A2E99C3D5D8D}.Release|x86.ActiveCfg = Release|Any CPU
		{8B3944E0-3499-4543-B381-A2E99C3D5D8D}.Release|x86.Build.0 = Release|Any CPU
		{C66BCA6A-F2B5-467B-89E9-61C228639298}.Debug|Any CPU.ActiveCfg = Debug|Any CPU
		{C66BCA6A-F2B5-467B-89E9-61C228639298}.Debug|Any CPU.Build.0 = Debug|Any CPU
		{C66BCA6A-F2B5-467B-89E9-61C228639298}.Debug|ARM.ActiveCfg = Debug|Any CPU
		{C66BCA6A-F2B5-467B-89E9-61C228639298}.Debug|ARM.Build.0 = Debug|Any CPU
		{C66BCA6A-F2B5-467B-89E9-61C228639298}.Debug|x64.ActiveCfg = Debug|Any CPU
		{C66BCA6A-F2B5-467B-89E9-61C228639298}.Debug|x64.Build.0 = Debug|Any CPU
		{C66BCA6A-F2B5-467B-89E9-61C228639298}.Debug|x86.ActiveCfg = Debug|Any CPU
		{C66BCA6A-F2B5-467B-89E9-61C228639298}.Debug|x86.Build.0 = Debug|Any CPU
		{C66BCA6A-F2B5-467B-89E9-61C228639298}.Release|Any CPU.ActiveCfg = Release|Any CPU
		{C66BCA6A-F2B5-467B-89E9-61C228639298}.Release|Any CPU.Build.0 = Release|Any CPU
		{C66BCA6A-F2B5-467B-89E9-61C228639298}.Release|ARM.ActiveCfg = Release|Any CPU
		{C66BCA6A-F2B5-467B-89E9-61C228639298}.Release|ARM.Build.0 = Release|Any CPU
		{C66BCA6A-F2B5-467B-89E9-61C228639298}.Release|x64.ActiveCfg = Release|Any CPU
		{C66BCA6A-F2B5-467B-89E9-61C228639298}.Release|x64.Build.0 = Release|Any CPU
		{C66BCA6A-F2B5-467B-89E9-61C228639298}.Release|x86.ActiveCfg = Release|Any CPU
		{C66BCA6A-F2B5-467B-89E9-61C228639298}.Release|x86.Build.0 = Release|Any CPU
		{9618162B-F6BE-4E79-A256-8B2D34AE7F46}.Debug|Any CPU.ActiveCfg = Debug|Any CPU
		{9618162B-F6BE-4E79-A256-8B2D34AE7F46}.Debug|Any CPU.Build.0 = Debug|Any CPU
		{9618162B-F6BE-4E79-A256-8B2D34AE7F46}.Debug|ARM.ActiveCfg = Debug|Any CPU
		{9618162B-F6BE-4E79-A256-8B2D34AE7F46}.Debug|ARM.Build.0 = Debug|Any CPU
		{9618162B-F6BE-4E79-A256-8B2D34AE7F46}.Debug|x64.ActiveCfg = Debug|Any CPU
		{9618162B-F6BE-4E79-A256-8B2D34AE7F46}.Debug|x64.Build.0 = Debug|Any CPU
		{9618162B-F6BE-4E79-A256-8B2D34AE7F46}.Debug|x86.ActiveCfg = Debug|Any CPU
		{9618162B-F6BE-4E79-A256-8B2D34AE7F46}.Debug|x86.Build.0 = Debug|Any CPU
		{9618162B-F6BE-4E79-A256-8B2D34AE7F46}.Release|Any CPU.ActiveCfg = Release|Any CPU
		{9618162B-F6BE-4E79-A256-8B2D34AE7F46}.Release|Any CPU.Build.0 = Release|Any CPU
		{9618162B-F6BE-4E79-A256-8B2D34AE7F46}.Release|ARM.ActiveCfg = Release|Any CPU
		{9618162B-F6BE-4E79-A256-8B2D34AE7F46}.Release|ARM.Build.0 = Release|Any CPU
		{9618162B-F6BE-4E79-A256-8B2D34AE7F46}.Release|x64.ActiveCfg = Release|Any CPU
		{9618162B-F6BE-4E79-A256-8B2D34AE7F46}.Release|x64.Build.0 = Release|Any CPU
		{9618162B-F6BE-4E79-A256-8B2D34AE7F46}.Release|x86.ActiveCfg = Release|Any CPU
		{9618162B-F6BE-4E79-A256-8B2D34AE7F46}.Release|x86.Build.0 = Release|Any CPU
		{6EB3565B-2658-42A7-80CB-223B6E42013A}.Debug|Any CPU.ActiveCfg = Debug|Any CPU
		{6EB3565B-2658-42A7-80CB-223B6E42013A}.Debug|Any CPU.Build.0 = Debug|Any CPU
		{6EB3565B-2658-42A7-80CB-223B6E42013A}.Debug|ARM.ActiveCfg = Debug|Any CPU
		{6EB3565B-2658-42A7-80CB-223B6E42013A}.Debug|ARM.Build.0 = Debug|Any CPU
		{6EB3565B-2658-42A7-80CB-223B6E42013A}.Debug|x64.ActiveCfg = Debug|Any CPU
		{6EB3565B-2658-42A7-80CB-223B6E42013A}.Debug|x64.Build.0 = Debug|Any CPU
		{6EB3565B-2658-42A7-80CB-223B6E42013A}.Debug|x86.ActiveCfg = Debug|Any CPU
		{6EB3565B-2658-42A7-80CB-223B6E42013A}.Debug|x86.Build.0 = Debug|Any CPU
		{6EB3565B-2658-42A7-80CB-223B6E42013A}.Release|Any CPU.ActiveCfg = Release|Any CPU
		{6EB3565B-2658-42A7-80CB-223B6E42013A}.Release|Any CPU.Build.0 = Release|Any CPU
		{6EB3565B-2658-42A7-80CB-223B6E42013A}.Release|ARM.ActiveCfg = Release|Any CPU
		{6EB3565B-2658-42A7-80CB-223B6E42013A}.Release|ARM.Build.0 = Release|Any CPU
		{6EB3565B-2658-42A7-80CB-223B6E42013A}.Release|x64.ActiveCfg = Release|Any CPU
		{6EB3565B-2658-42A7-80CB-223B6E42013A}.Release|x64.Build.0 = Release|Any CPU
		{6EB3565B-2658-42A7-80CB-223B6E42013A}.Release|x86.ActiveCfg = Release|Any CPU
		{6EB3565B-2658-42A7-80CB-223B6E42013A}.Release|x86.Build.0 = Release|Any CPU
	EndGlobalSection
	GlobalSection(SolutionProperties) = preSolution
		HideSolutionNode = FALSE
	EndGlobalSection
	GlobalSection(NestedProjects) = preSolution
		{845E0CA8-AC51-4BAE-95D7-60680CB4A44B} = {B2A3848C-3D95-4B7D-8247-227C7F9A2308}
		{6EB3565B-2658-42A7-80CB-223B6E42013A} = {B2A3848C-3D95-4B7D-8247-227C7F9A2308}
	EndGlobalSection
EndGlobal
